
Microsoft Visual Studio Solution File, Format Version 12.00
# Visual Studio 2013
VisualStudioVersion = 12.0.31101.0
MinimumVisualStudioVersion = 10.0.40219.1
Project("{FAE04EC0-301F-11D3-BF4B-00C04F79EFBC}") = "IntranetSSIIV2", "IntranetSSIIV2\IntranetSSIIV2.csproj", "{EE7B5BC8-CCD7-4A2B-8AD1-E4F8A41F6394}"
	ProjectSection(ProjectDependencies) = postProject
		{3C28A20B-14BD-4ED0-8EE5-4B574A8ABCAF} = {3C28A20B-14BD-4ED0-8EE5-4B574A8ABCAF}
		{84E57B5F-12AE-4DFF-8EDC-7C78970FC365} = {84E57B5F-12AE-4DFF-8EDC-7C78970FC365}
		{2B4D19F9-3947-4A43-988A-E776AF4A691A} = {2B4D19F9-3947-4A43-988A-E776AF4A691A}
	EndProjectSection
EndProject
Project("{FAE04EC0-301F-11D3-BF4B-00C04F79EFBC}") = "EntityModele", "EntityModele\EntityModele.csproj", "{2B4D19F9-3947-4A43-988A-E776AF4A691A}"
EndProject
Project("{FAE04EC0-301F-11D3-BF4B-00C04F79EFBC}") = "DAO", "DAO\DAO.csproj", "{3C28A20B-14BD-4ED0-8EE5-4B574A8ABCAF}"
	ProjectSection(ProjectDependencies) = postProject
		{3DA69430-66BA-4B89-874D-27D999DB68D6} = {3DA69430-66BA-4B89-874D-27D999DB68D6}
		{2B4D19F9-3947-4A43-988A-E776AF4A691A} = {2B4D19F9-3947-4A43-988A-E776AF4A691A}
	EndProjectSection
EndProject
Project("{FAE04EC0-301F-11D3-BF4B-00C04F79EFBC}") = "BIZ", "BIZ\BIZ.csproj", "{84E57B5F-12AE-4DFF-8EDC-7C78970FC365}"
	ProjectSection(ProjectDependencies) = postProject
		{3C28A20B-14BD-4ED0-8EE5-4B574A8ABCAF} = {3C28A20B-14BD-4ED0-8EE5-4B574A8ABCAF}
		{2B4D19F9-3947-4A43-988A-E776AF4A691A} = {2B4D19F9-3947-4A43-988A-E776AF4A691A}
	EndProjectSection
EndProject
Project("{FAE04EC0-301F-11D3-BF4B-00C04F79EFBC}") = "mPacteOrm", "mPacteOrm\mPacteOrm.csproj", "{3DA69430-66BA-4B89-874D-27D999DB68D6}"
EndProject
Global
	GlobalSection(TeamFoundationVersionControl) = preSolution
		SccNumberOfProjects = 6
		SccEnterpriseProvider = {4CA58AB2-18FA-4F8D-95D4-32DDF27D184C}
		SccTeamFoundationServer = https://saadeddine-rahmouni.visualstudio.com/defaultcollection
		SccLocalPath0 = .
		SccProjectUniqueName1 = IntranetSSIIV2\\IntranetSSIIV2.csproj
		SccProjectName1 = IntranetSSIIV2
		SccLocalPath1 = IntranetSSIIV2
		SccProjectUniqueName2 = EntityModele\\EntityModele.csproj
		SccProjectName2 = EntityModele
		SccLocalPath2 = EntityModele
		SccProjectUniqueName3 = DAO\\DAO.csproj
		SccProjectName3 = DAO
		SccLocalPath3 = DAO
		SccProjectUniqueName4 = BIZ\\BIZ.csproj
		SccProjectName4 = BIZ
		SccLocalPath4 = BIZ
		SccProjectUniqueName5 = mPacteOrm\\mPacteOrm.csproj
		SccProjectName5 = mPacteOrm
		SccLocalPath5 = mPacteOrm
	EndGlobalSection
	GlobalSection(SolutionConfigurationPlatforms) = preSolution
		Debug|Any CPU = Debug|Any CPU
		Release|Any CPU = Release|Any CPU
	EndGlobalSection
	GlobalSection(ProjectConfigurationPlatforms) = postSolution
		{EE7B5BC8-CCD7-4A2B-8AD1-E4F8A41F6394}.Debug|Any CPU.ActiveCfg = Debug|Any CPU
		{EE7B5BC8-CCD7-4A2B-8AD1-E4F8A41F6394}.Debug|Any CPU.Build.0 = Debug|Any CPU
		{EE7B5BC8-CCD7-4A2B-8AD1-E4F8A41F6394}.Release|Any CPU.ActiveCfg = Release|Any CPU
		{EE7B5BC8-CCD7-4A2B-8AD1-E4F8A41F6394}.Release|Any CPU.Build.0 = Release|Any CPU
		{2B4D19F9-3947-4A43-988A-E776AF4A691A}.Debug|Any CPU.ActiveCfg = Debug|Any CPU
		{2B4D19F9-3947-4A43-988A-E776AF4A691A}.Debug|Any CPU.Build.0 = Debug|Any CPU
		{2B4D19F9-3947-4A43-988A-E776AF4A691A}.Release|Any CPU.ActiveCfg = Release|Any CPU
		{2B4D19F9-3947-4A43-988A-E776AF4A691A}.Release|Any CPU.Build.0 = Release|Any CPU
		{3C28A20B-14BD-4ED0-8EE5-4B574A8ABCAF}.Debug|Any CPU.ActiveCfg = Debug|Any CPU
		{3C28A20B-14BD-4ED0-8EE5-4B574A8ABCAF}.Debug|Any CPU.Build.0 = Debug|Any CPU
		{3C28A20B-14BD-4ED0-8EE5-4B574A8ABCAF}.Release|Any CPU.ActiveCfg = Release|Any CPU
		{3C28A20B-14BD-4ED0-8EE5-4B574A8ABCAF}.Release|Any CPU.Build.0 = Release|Any CPU
		{84E57B5F-12AE-4DFF-8EDC-7C78970FC365}.Debug|Any CPU.ActiveCfg = Debug|Any CPU
		{84E57B5F-12AE-4DFF-8EDC-7C78970FC365}.Debug|Any CPU.Build.0 = Debug|Any CPU
		{84E57B5F-12AE-4DFF-8EDC-7C78970FC365}.Release|Any CPU.ActiveCfg = Release|Any CPU
		{84E57B5F-12AE-4DFF-8EDC-7C78970FC365}.Release|Any CPU.Build.0 = Release|Any CPU
		{3DA69430-66BA-4B89-874D-27D999DB68D6}.Debug|Any CPU.ActiveCfg = Debug|Any CPU
		{3DA69430-66BA-4B89-874D-27D999DB68D6}.Debug|Any CPU.Build.0 = Debug|Any CPU
		{3DA69430-66BA-4B89-874D-27D999DB68D6}.Release|Any CPU.ActiveCfg = Release|Any CPU
		{3DA69430-66BA-4B89-874D-27D999DB68D6}.Release|Any CPU.Build.0 = Release|Any CPU
	EndGlobalSection
	GlobalSection(SolutionProperties) = preSolution
		HideSolutionNode = FALSE
	EndGlobalSection
EndGlobal
